{
  "object": {
    "pins": [
      {
        "package": "KeychainAccess",
        "repositoryURL": "https://github.com/kishikawakatsumi/KeychainAccess.git",
        "state": {
          "branch": null,
          "revision": "3d0ea2c0806791abcc5d7f0d9f62f1cfd4a7264d",
          "version": "4.2.0"
        }
      },
      {
        "package": "secp256k1",
        "repositoryURL": "https://github.com/greymass/secp256k1.git",
        "state": {
          "branch": "master",
          "revision": "efa29664b918cf62b78bb160599c21d72cc82fb0",
          "version": null
        }
      },
      {
        "package": "EOSIO",
        "repositoryURL": "https://github.com/ismyhc/swift-eosio.git",
        "state": {
          "branch": "feature/additional-hyperion-apis",
          "revision": "1814272c1de56179d75e2c9e9db515448e6a0a73",
          "version": null
        }
      },
      {
        "package": "QueryStringCoder",
        "repositoryURL": "https://github.com/jnordberg/swift-query-string-coder.git",
        "state": {
          "branch": "master",
          "revision": "874a4e31d7c77f3fec56f893229f416e7604da4d",
          "version": null
        }
      }
    ]
  },
  "version": 1
}
