{
  "object": {
    "pins": [
      {
        "package": "KeychainAccess",
        "repositoryURL": "https://github.com/kishikawakatsumi/KeychainAccess.git",
        "state": {
          "branch": null,
          "revision": "3d0ea2c0806791abcc5d7f0d9f62f1cfd4a7264d",
          "version": "4.2.0"
        }
      },
      {
        "package": "secp256k1",
        "repositoryURL": "https://github.com/greymass/secp256k1.git",
        "state": {
          "branch": "master",
          "revision": "24482220d1e7731f6b48df20096d0de840a63af2",
          "version": null
        }
      },
      {
        "package": "swift-eosio",
        "repositoryURL": "https://github.com/greymass/swift-eosio.git",
        "state": {
          "branch": "master",
          "revision": "db5b958f8a46bdb01e1861e1ecc3d7772952be12",
          "version": null
        }
      },
      {
        "package": "QueryStringCoder",
        "repositoryURL": "https://github.com/jnordberg/swift-query-string-coder.git",
        "state": {
          "branch": "master",
          "revision": "874a4e31d7c77f3fec56f893229f416e7604da4d",
          "version": null
        }
      },
      {
        "package": "WebOperations",
        "repositoryURL": "https://github.com/ProtonProtocol/WebOperations.git",
        "state": {
          "branch": null,
          "revision": "3b94dc40e38511b223ffe1cff5a88ce1a5cb4a9d",
          "version": "0.5.1-beta"
        }
      }
    ]
  },
  "version": 1
}
